<?xml version="1.0" encoding="utf-8"?>
<Project ToolsVersion="4.0" xmlns="http://schemas.microsoft.com/developer/msbuild/2003">
  <ItemGroup>
    <Filter Include="Source Files">
      <UniqueIdentifier>{4FC737F1-C7A5-4376-A066-2A32D752A2FF}</UniqueIdentifier>
      <Extensions>cpp;c;cc;cxx;c++;cppm;ixx;def;odl;idl;hpj;bat;asm;asmx</Extensions>
    </Filter>
    <Filter Include="Header Files">
      <UniqueIdentifier>{93995380-89BD-4b04-88EB-625FBE52EBFB}</UniqueIdentifier>
      <Extensions>h;hh;hpp;hxx;h++;hm;inl;inc;ipp;xsd</Extensions>
    </Filter>
    <Filter Include="Resource Files">
      <UniqueIdentifier>{67DA6AB6-F800-4c08-8B7A-83BB121AAD01}</UniqueIdentifier>
      <Extensions>rc;ico;cur;bmp;dlg;rc2;rct;bin;rgs;gif;jpg;jpeg;jpe;resx;tiff;tif;png;wav;mfcribbon-ms</Extensions>
    </Filter>
    <Filter Include="Source Files\Application">
      <UniqueIdentifier>{2fc130b2-cce4-45e1-ad58-ccbdb3f18d63}</UniqueIdentifier>
    </Filter>
    <Filter Include="Resource Files\Shaders">
      <UniqueIdentifier>{fef59df1-facd-436a-a97b-78d4def17778}</UniqueIdentifier>
    </Filter>
    <Filter Include="Resource Files\Textures">
      <UniqueIdentifier>{423fbe99-1a6f-4bf4-a2a0-a5611df94080}</UniqueIdentifier>
    </Filter>
    <Filter Include="Resource Files\Textures\Blocks">
      <UniqueIdentifier>{6b2b6693-09e9-4617-9942-e3016ee39935}</UniqueIdentifier>
    </Filter>
    <Filter Include="Source Files\Render">
      <UniqueIdentifier>{8766c7f2-ef99-459c-a7ac-1b6a17118762}</UniqueIdentifier>
    </Filter>
    <Filter Include="Header Files\Vendor">
      <UniqueIdentifier>{804a4405-23b1-4fc5-a19b-5a2d5e6c1843}</UniqueIdentifier>
    </Filter>
    <Filter Include="Header Files\Application">
      <UniqueIdentifier>{be51b9a6-d709-4a1e-84e8-c014f01d8564}</UniqueIdentifier>
    </Filter>
    <Filter Include="Header Files\Render">
      <UniqueIdentifier>{88471a32-3f6a-4576-b645-2f09d87c88fb}</UniqueIdentifier>
    </Filter>
    <Filter Include="Source Files\Application\Input">
      <UniqueIdentifier>{eb7b7115-fdf0-47ed-82e8-e4cf9cb24d8e}</UniqueIdentifier>
    </Filter>
    <Filter Include="Header Files\Application\Input">
      <UniqueIdentifier>{657a9ac4-372f-460b-930d-075944db0ed0}</UniqueIdentifier>
    </Filter>
    <Filter Include="Header Files\Game">
      <UniqueIdentifier>{420f9eef-d145-4233-bd7f-b13557e01072}</UniqueIdentifier>
    </Filter>
    <Filter Include="Resource Files\World">
      <UniqueIdentifier>{0bfd59a6-52be-4f73-ad49-bf880f6bb3f6}</UniqueIdentifier>
    </Filter>
    <Filter Include="Source Files\Game">
      <UniqueIdentifier>{d2344373-2aba-4faa-a713-51487a1388ae}</UniqueIdentifier>
    </Filter>
    <Filter Include="Source Files\Render\Block">
      <UniqueIdentifier>{56a4ef85-5d56-4e54-8e41-238a7b71c938}</UniqueIdentifier>
    </Filter>
    <Filter Include="Header Files\Render\Block">
      <UniqueIdentifier>{1ef06599-7764-42e8-95cd-5df9607d41d6}</UniqueIdentifier>
    </Filter>
    <Filter Include="Source Files\Render\Utils">
      <UniqueIdentifier>{e5668611-6643-4646-88fa-d01c58d1d994}</UniqueIdentifier>
    </Filter>
    <Filter Include="Source Files\Game\Utils">
      <UniqueIdentifier>{3447f01c-cf34-4e18-81db-443b23b71a9d}</UniqueIdentifier>
    </Filter>
    <Filter Include="Resource Files\Shaders\World">
      <UniqueIdentifier>{d53b101b-0797-4ed3-b33f-5e76ffae6854}</UniqueIdentifier>
    </Filter>
    <Filter Include="Source Files\Application\Info">
      <UniqueIdentifier>{506aabf6-e650-4ad1-ac0b-21aa611db6a7}</UniqueIdentifier>
    </Filter>
    <Filter Include="Header Files\Application\Info">
      <UniqueIdentifier>{546c1c8f-5e22-4775-843a-b1030a7fcc5a}</UniqueIdentifier>
    </Filter>
    <Filter Include="Header Files\Render\Utils">
      <UniqueIdentifier>{d8398bb7-1d4a-44b4-be17-d79390e56fd0}</UniqueIdentifier>
    </Filter>
    <Filter Include="Header Files\Game\Utils">
      <UniqueIdentifier>{e2e62aa5-cdec-477b-b32a-c1de3ab50656}</UniqueIdentifier>
    </Filter>
    <Filter Include="Resource Files\Shaders\World\Blocks">
      <UniqueIdentifier>{2e3d4a89-64cb-4fc1-876a-dff06c117f81}</UniqueIdentifier>
    </Filter>
    <Filter Include="Resource Files\Shaders\World\Skybox">
      <UniqueIdentifier>{e2393df2-55b2-4f42-a495-45a067a32ebc}</UniqueIdentifier>
    </Filter>
    <Filter Include="Resource Files\Textures\Skybox">
      <UniqueIdentifier>{b0296d1f-fd0b-4704-bed6-67102aa7324d}</UniqueIdentifier>
    </Filter>
    <Filter Include="Resource Files\Shaders\World\Shadows">
      <UniqueIdentifier>{825ae27e-64f9-4ffc-9e37-5a0f7f6cdec8}</UniqueIdentifier>
    </Filter>
    <Filter Include="Resource Files\Shaders\World\Debug">
      <UniqueIdentifier>{2007fbcb-0a70-4c7b-a143-72c5ff0d0eeb}</UniqueIdentifier>
    </Filter>
  </ItemGroup>
  <ItemGroup>
    <ClCompile Include="Source\Application.cpp">
      <Filter>Source Files\Application</Filter>
    </ClCompile>
    <ClCompile Include="Source\Input.cpp">
      <Filter>Source Files\Application\Input</Filter>
    </ClCompile>
    <ClCompile Include="Source\Vendor\stb_image.cpp">
      <Filter>Header Files\Vendor</Filter>
    </ClCompile>
    <ClCompile Include="Source\Main.cpp">
      <Filter>Source Files\Application</Filter>
    </ClCompile>
    <ClCompile Include="Source\BlockMesh.cpp">
      <Filter>Source Files\Render\Block</Filter>
    </ClCompile>
    <ClCompile Include="Source\Buffers.cpp">
      <Filter>Source Files\Render\Utils</Filter>
    </ClCompile>
    <ClCompile Include="Source\Shader.cpp">
      <Filter>Source Files\Render\Utils</Filter>
    </ClCompile>
    <ClCompile Include="Source\Texture.cpp">
      <Filter>Source Files\Render\Utils</Filter>
    </ClCompile>
    <ClCompile Include="Source\Vertices.cpp">
      <Filter>Source Files\Render\Utils</Filter>
    </ClCompile>
    <ClCompile Include="Source\ChunkModel.cpp">
      <Filter>Source Files\Render\Block</Filter>
    </ClCompile>
    <ClCompile Include="Source\Debug.cpp">
      <Filter>Source Files\Application\Info</Filter>
    </ClCompile>
    <ClCompile Include="Source\Log.cpp">
      <Filter>Source Files\Application\Info</Filter>
    </ClCompile>
    <ClCompile Include="Source\BinaryChunk.cpp">
      <Filter>Source Files\Game\Utils</Filter>
    </ClCompile>
    <ClCompile Include="Source\ExtendLong.cpp">
      <Filter>Source Files\Game\Utils</Filter>
    </ClCompile>
    <ClCompile Include="Source\Chunk.cpp">
      <Filter>Source Files\Game</Filter>
    </ClCompile>
    <ClCompile Include="Source\Blocks.cpp">
      <Filter>Source Files\Game</Filter>
    </ClCompile>
    <ClCompile Include="Source\World.cpp">
      <Filter>Source Files\Game</Filter>
    </ClCompile>
    <ClCompile Include="Source\WorldGenerator.cpp">
      <Filter>Source Files\Game\Utils</Filter>
    </ClCompile>
    <ClCompile Include="Source\Skybox.cpp">
      <Filter>Source Files\Render\Utils</Filter>
    </ClCompile>
    <ClCompile Include="Source\Player.cpp">
      <Filter>Source Files\Game</Filter>
    </ClCompile>
  </ItemGroup>
  <ItemGroup>
    <ClInclude Include="Source\Vendor\stb_image.h">
      <Filter>Header Files\Vendor</Filter>
    </ClInclude>
    <ClInclude Include="Source\Application.hpp">
      <Filter>Header Files\Application</Filter>
    </ClInclude>
    <ClInclude Include="Source\Input.hpp">
      <Filter>Header Files\Application\Input</Filter>
    </ClInclude>
    <ClInclude Include="Source\BlockMesh.hpp">
      <Filter>Header Files\Render\Block</Filter>
    </ClInclude>
    <ClInclude Include="Source\ChunkModel.hpp">
      <Filter>Header Files\Render\Block</Filter>
    </ClInclude>
    <ClInclude Include="resource.h">
      <Filter>Header Files</Filter>
    </ClInclude>
    <ClInclude Include="Source\Debug.hpp">
      <Filter>Header Files\Application\Info</Filter>
    </ClInclude>
    <ClInclude Include="Source\Log.hpp">
      <Filter>Header Files\Application\Info</Filter>
    </ClInclude>
    <ClInclude Include="Source\Buffers.hpp">
      <Filter>Header Files\Render\Utils</Filter>
    </ClInclude>
    <ClInclude Include="Source\Shader.hpp">
      <Filter>Header Files\Render\Utils</Filter>
    </ClInclude>
    <ClInclude Include="Source\Texture.hpp">
      <Filter>Header Files\Render\Utils</Filter>
    </ClInclude>
    <ClInclude Include="Source\Vertices.hpp">
      <Filter>Header Files\Render\Utils</Filter>
    </ClInclude>
    <ClInclude Include="Source\Chunk.hpp">
      <Filter>Header Files\Game</Filter>
    </ClInclude>
    <ClInclude Include="Source\ChunkData.hpp">
      <Filter>Header Files\Game\Utils</Filter>
    </ClInclude>
    <ClInclude Include="Source\ExtendLong.hpp">
      <Filter>Header Files\Game\Utils</Filter>
    </ClInclude>
    <ClInclude Include="Source\BinaryChunk.hpp">
      <Filter>Header Files\Game\Utils</Filter>
    </ClInclude>
    <ClInclude Include="Source\Blocks.hpp">
      <Filter>Header Files\Game</Filter>
    </ClInclude>
    <ClInclude Include="Source\BlockUtils.hpp">
      <Filter>Header Files\Game\Utils</Filter>
    </ClInclude>
    <ClInclude Include="Source\World.hpp">
      <Filter>Header Files\Game</Filter>
    </ClInclude>
    <ClInclude Include="Source\Timer.hpp">
      <Filter>Header Files\Application\Info</Filter>
    </ClInclude>
    <ClInclude Include="Source\WorldGenerator.hpp">
      <Filter>Header Files\Game\Utils</Filter>
    </ClInclude>
    <ClInclude Include="Source\DayCycle.hpp">
      <Filter>Header Files\Game</Filter>
    </ClInclude>
    <ClInclude Include="Source\WorldRenderer.hpp">
      <Filter>Header Files\Render\Block</Filter>
    </ClInclude>
    <ClInclude Include="Source\Skybox.hpp">
      <Filter>Header Files\Render\Utils</Filter>
    </ClInclude>
    <ClInclude Include="Source\ThreadList.hpp">
      <Filter>Header Files\Game\Utils</Filter>
    </ClInclude>
    <ClInclude Include="Source\Context.hpp">
      <Filter>Header Files\Application</Filter>
    </ClInclude>
    <ClInclude Include="Source\PerlinNoise.hpp">
      <Filter>Header Files\Game\Utils</Filter>
    </ClInclude>
    <ClInclude Include="Source\Player.hpp">
      <Filter>Header Files\Game</Filter>
    </ClInclude>
  </ItemGroup>
  <ItemGroup>
    <Image Include="Resources\Textures\Blocks\blockmap.jpeg">
      <Filter>Resource Files\Textures\Blocks</Filter>
    </Image>
    <Image Include="Resources\Textures\World\sky_textures.jpeg">
      <Filter>Resource Files\Textures\Skybox</Filter>
    </Image>
  </ItemGroup>
  <ItemGroup>
    <None Include="Resources\Shaders\Blocks\World\block_shader.frag">
      <Filter>Resource Files\Shaders\World\Blocks</Filter>
    </None>
    <None Include="Resources\Shaders\Blocks\World\block_shader.geom">
      <Filter>Resource Files\Shaders\World\Blocks</Filter>
    </None>
    <None Include="Resources\Shaders\Blocks\World\block_shader.vert">
      <Filter>Resource Files\Shaders\World\Blocks</Filter>
    </None>
    <None Include="Resources\Shaders\World\skybox.frag">
      <Filter>Resource Files\Shaders\World\Skybox</Filter>
    </None>
    <None Include="Resources\Shaders\World\skybox.vert">
      <Filter>Resource Files\Shaders\World\Skybox</Filter>
    </None>
    <None Include="Resources\Shaders\Blocks\World\shadows.vert">
      <Filter>Resource Files\Shaders\World\Shadows</Filter>
    </None>
    <None Include="Resources\Shaders\Blocks\World\shadows.frag">
      <Filter>Resource Files\Shaders\World\Shadows</Filter>
    </None>
    <None Include="Resources\Shaders\Blocks\World\shadows.geom">
      <Filter>Resource Files\Shaders\World\Shadows</Filter>
    </None>
    <None Include="Resources\Shaders\Blocks\World\debugshader.vert">
      <Filter>Resource Files\Shaders\World\Debug</Filter>
    </None>
    <None Include="Resources\Shaders\Blocks\World\debugshader.frag">
      <Filter>Resource Files\Shaders\World\Debug</Filter>
    </None>
  </ItemGroup>
  <ItemGroup>
    <ResourceCompile Include="BlockWorld.rc">
      <Filter>Resource Files</Filter>
    </ResourceCompile>
  </ItemGroup>
</Project>